
Microsoft Visual Studio Solution File, Format Version 12.00
# Visual Studio Version 17
VisualStudioVersion = 17.13.35919.96
MinimumVisualStudioVersion = 10.0.40219.1
Project("{FAE04EC0-301F-11D3-BF4B-00C04F79EFBC}") = "CesiZen-Backend", "CesiZen-Backend\CesiZen-Backend.csproj", "{36FCDC1B-8001-4729-BC9A-9649A354BEB0}"
EndProject
Project("{FAE04EC0-301F-11D3-BF4B-00C04F79EFBC}") = "CesiZen-Backend.Tests", "CesiZen-Backend.Tests\CesiZen-Backend.Tests.csproj", "{270CDAD4-B8E2-4AF1-A9A5-8E2B96CF6AEA}"
EndProject
Project("{2150E333-8FDC-42A3-9474-1A3956D46DE8}") = "Éléments de solution", "Éléments de solution", "{9C8CB701-102D-CF49-A3E0-89AC09D42C2C}"
	ProjectSection(SolutionItems) = preProject
		.gitattributes = .gitattributes
		.gitignore = .gitignore
		README.md = README.md
		coverlet.runsettings = coverlet.runsettings
	EndProjectSection
EndProject
Global
	GlobalSection(SolutionConfigurationPlatforms) = preSolution
		Debug|Any CPU = Debug|Any CPU
		Release|Any CPU = Release|Any CPU
	EndGlobalSection
	GlobalSection(ProjectConfigurationPlatforms) = postSolution
		{36FCDC1B-8001-4729-BC9A-9649A354BEB0}.Debug|Any CPU.ActiveCfg = Debug|Any CPU
		{36FCDC1B-8001-4729-BC9A-9649A354BEB0}.Debug|Any CPU.Build.0 = Debug|Any CPU
		{36FCDC1B-8001-4729-BC9A-9649A354BEB0}.Release|Any CPU.ActiveCfg = Release|Any CPU
		{36FCDC1B-8001-4729-BC9A-9649A354BEB0}.Release|Any CPU.Build.0 = Release|Any CPU
		{270CDAD4-B8E2-4AF1-A9A5-8E2B96CF6AEA}.Debug|Any CPU.ActiveCfg = Debug|Any CPU
		{270CDAD4-B8E2-4AF1-A9A5-8E2B96CF6AEA}.Debug|Any CPU.Build.0 = Debug|Any CPU
		{270CDAD4-B8E2-4AF1-A9A5-8E2B96CF6AEA}.Release|Any CPU.ActiveCfg = Release|Any CPU
		{270CDAD4-B8E2-4AF1-A9A5-8E2B96CF6AEA}.Release|Any CPU.Build.0 = Release|Any CPU
	EndGlobalSection
	GlobalSection(SolutionProperties) = preSolution
		HideSolutionNode = FALSE
	EndGlobalSection
	GlobalSection(ExtensibilityGlobals) = postSolution
		SolutionGuid = {FA495D93-F230-4BFC-9173-481BFCA67766}
	EndGlobalSection
EndGlobal
